
Microsoft Visual Studio Solution File, Format Version 12.00
# Visual Studio Version 17
VisualStudioVersion = 17.3.32922.545
MinimumVisualStudioVersion = 10.0.40219.1
Project("{FAE04EC0-301F-11D3-BF4B-00C04F79EFBC}") = "交互音乐播放器", "交互音乐播放器\交互音乐播放器.csproj", "{B8B02047-7DA0-402D-B71E-CCA3038159DA}"
EndProject
Global
	GlobalSection(SolutionConfigurationPlatforms) = preSolution
		Debug|Any CPU = Debug|Any CPU
		Release|Any CPU = Release|Any CPU
	EndGlobalSection
	GlobalSection(ProjectConfigurationPlatforms) = postSolution
		{B8B02047-7DA0-402D-B71E-CCA3038159DA}.Debug|Any CPU.ActiveCfg = Debug|Any CPU
		{B8B02047-7DA0-402D-B71E-CCA3038159DA}.Debug|Any CPU.Build.0 = Debug|Any CPU
		{B8B02047-7DA0-402D-B71E-CCA3038159DA}.Release|Any CPU.ActiveCfg = Release|Any CPU
		{B8B02047-7DA0-402D-B71E-CCA3038159DA}.Release|Any CPU.Build.0 = Release|Any CPU
	EndGlobalSection
	GlobalSection(SolutionProperties) = preSolution
		HideSolutionNode = FALSE
	EndGlobalSection
	GlobalSection(ExtensibilityGlobals) = postSolution
		SolutionGuid = {2EB0A38F-5F9F-4FD3-8133-4B24FE22B3F5}
	EndGlobalSection
EndGlobal
