
Microsoft Visual Studio Solution File, Format Version 12.00
# Visual Studio Version 17
VisualStudioVersion = 17.1.32421.90
MinimumVisualStudioVersion = 10.0.40219.1
Project("{FAE04EC0-301F-11D3-BF4B-00C04F79EFBC}") = "交互式音乐播放器", "交互式音乐播放器\交互式音乐播放器.csproj", "{BA571382-0D80-4092-9752-8615E1CF0E3F}"
EndProject
Global
	GlobalSection(SolutionConfigurationPlatforms) = preSolution
		Debug|Any CPU = Debug|Any CPU
		Release|Any CPU = Release|Any CPU
	EndGlobalSection
	GlobalSection(ProjectConfigurationPlatforms) = postSolution
		{BA571382-0D80-4092-9752-8615E1CF0E3F}.Debug|Any CPU.ActiveCfg = Debug|Any CPU
		{BA571382-0D80-4092-9752-8615E1CF0E3F}.Debug|Any CPU.Build.0 = Debug|Any CPU
		{BA571382-0D80-4092-9752-8615E1CF0E3F}.Release|Any CPU.ActiveCfg = Release|Any CPU
		{BA571382-0D80-4092-9752-8615E1CF0E3F}.Release|Any CPU.Build.0 = Release|Any CPU
	EndGlobalSection
	GlobalSection(SolutionProperties) = preSolution
		HideSolutionNode = FALSE
	EndGlobalSection
	GlobalSection(ExtensibilityGlobals) = postSolution
		SolutionGuid = {3735D8D9-8D91-4F23-86C1-D09E77FB4BB3}
	EndGlobalSection
EndGlobal
